# THIS IS AN AUTOGENERATED FILE. DO NOT EDIT THIS FILE DIRECTLY.
# yarn lockfile v1


"@types/node@^10.1.2":
  version "10.12.10"
  resolved "https://registry.yarnpkg.com/@types/node/-/node-10.12.10.tgz#4fa76e6598b7de3f0cb6ec3abacc4f59e5b3a2ce"
  integrity sha512-8xZEYckCbUVgK8Eg7lf5Iy4COKJ5uXlnIOnePN0WUwSQggy9tolM+tDJf7wMOnT/JT/W9xDYIaYggt3mRV2O5w==

debug@^4.0.1:
  version "4.1.0"
  resolved "https://registry.yarnpkg.com/debug/-/debug-4.1.0.tgz#373687bffa678b38b1cd91f861b63850035ddc87"
  integrity sha512-heNPJUJIqC+xB6ayLAMHaIrmN9HKa7aQO8MGqKpvCA+uJYVcvR6l5kgdrhRuwPFHU7P5/A1w0BjByPHwpfTDKg==
  dependencies:
    ms "^2.1.1"

dotenv@^6.0.0:
  version "6.1.0"
  resolved "https://registry.yarnpkg.com/dotenv/-/dotenv-6.1.0.tgz#9853b6ca98292acb7dec67a95018fa40bccff42c"
  integrity sha512-/veDn2ztgRlB7gKmE3i9f6CmDIyXAy6d5nBq+whO9SLX+Zs1sXEgFLPi+aSuWqUuusMfbi84fT8j34fs1HaYUw==

lodash@^4.17.11:
  version "4.17.11"
  resolved "https://registry.yarnpkg.com/lodash/-/lodash-4.17.11.tgz#b39ea6229ef607ecd89e2c8df12536891cac9b8d"
  integrity sha512-cQKh8igo5QUhZ7lg38DYWAxMvjSAKG0A8wGSVimP07SIUEK2UO+arSRKbRZWtelMtN5V0Hkwh5ryOto/SshYIg==

micro-bot@^2.5.0:
  version "2.5.0"
  resolved "https://registry.yarnpkg.com/micro-bot/-/micro-bot-2.5.0.tgz#4f0625ecf72b8c899ce1f002c800f603e84cd5ab"
  integrity sha512-SlFZF20GvHpvS5aCkc3fZYjWkz2VZgRtZtDVCjcwlp7/wuQ9jXiX3PB5YeDz/z6kL/lo4J0iVdX5HTqg4bmyQg==
  dependencies:
    dotenv "^6.0.0"
    minimist "^1.2.0"
    telegraf "^3.25.0"

minimist@^1.2.0:
  version "1.2.0"
  resolved "https://registry.yarnpkg.com/minimist/-/minimist-1.2.0.tgz#a35008b20f41383eec1fb914f4cd5df79a264284"
  integrity sha1-o1AIsg9BOD7sH7kU9M1d95omQoQ=

moment@^2.22.2:
  version "2.22.2"
  resolved "https://registry.yarnpkg.com/moment/-/moment-2.22.2.tgz#3c257f9839fc0e93ff53149632239eb90783ff66"
  integrity sha1-PCV/mDn8DpP/UxSWMiOeuQeD/2Y=

ms@^2.1.1:
  version "2.1.1"
  resolved "https://registry.yarnpkg.com/ms/-/ms-2.1.1.tgz#30a5864eb3ebb0a66f2ebe6d727af06a09d86e0a"
  integrity sha512-tgp+dl5cGk28utYktBsrFqA7HKgrhgPsg6Z/EfhWI4gl1Hwq8B/GmY/0oXZ6nF8hDVesS/FpnYaD/kOWhYQvyg==

node-fetch@^2.2.0:
  version "2.3.0"
  resolved "https://registry.yarnpkg.com/node-fetch/-/node-fetch-2.3.0.tgz#1a1d940bbfb916a1d3e0219f037e89e71f8c5fa5"
  integrity sha512-MOd8pV3fxENbryESLgVIeaGKrdl+uaYhCSSVkjeOb/31/njTpcis5aWfdqgNlHIrKOLRbMnfPINPOML2CIFeXA==

sandwich-stream@^2.0.1:
  version "2.0.2"
  resolved "https://registry.yarnpkg.com/sandwich-stream/-/sandwich-stream-2.0.2.tgz#6d1feb6cf7e9fe9fadb41513459a72c2e84000fa"
  integrity sha512-jLYV0DORrzY3xaz/S9ydJL6Iz7essZeAfnAavsJ+zsJGZ1MOnsS52yRjU3uF3pJa/lla7+wisp//fxOwOH8SKQ==

suncalc@^1.8.0:
  version "1.8.0"
  resolved "https://registry.yarnpkg.com/suncalc/-/suncalc-1.8.0.tgz#1d9898109563078750f4994a959e654d876acbf5"
  integrity sha1-HZiYEJVjB4dQ9JlKlZ5lTYdqy/U=

telegraf@^3.25.0:
  version "3.25.0"
  resolved "https://registry.yarnpkg.com/telegraf/-/telegraf-3.25.0.tgz#f08e463584803c36462e22668ad1e1f362f1f253"
  integrity sha512-W2L/9LIOndtzqgEnJPlDJS8Q/gwoRS/a7FvoV9kPhKwRWtJtiP8xhkr66GMbOhnB0RgSK6GMrgeZtXNzLn/bQg==
  dependencies:
    "@types/node" "^10.1.2"
    debug "^4.0.1"
    node-fetch "^2.2.0"
    sandwich-stream "^2.0.1"
    telegram-typings "^3.6.0"

telegram-typings@^3.6.0:
  version "3.6.1"
  resolved "https://registry.yarnpkg.com/telegram-typings/-/telegram-typings-3.6.1.tgz#1288d547f8694b61f1c01c2993e295f3114d9e25"
  integrity sha512-njVv1EAhIZnmQVLocZEADYUyqA1WIXuVcDYlsp+mXua/XB0pxx+PKtMSPeZ/EE4wPWTw9h/hA9ASTT6yQelkiw==
